// !$*UTF8*$!
{
	archiveVersion = 1;
	classes = {
	};
	objectVersion = 46;
	objects = {

/* Begin PBXBuildFile section */
		18105C2F1C1EF9700086D6BB /* ListingTableViewCell.m in Sources */ = {isa = PBXBuildFile; fileRef = 18105C2E1C1EF9700086D6BB /* ListingTableViewCell.m */; };
		18105C321C1EF9A70086D6BB /* ListingCell.xib in Resources */ = {isa = PBXBuildFile; fileRef = 18105C311C1EF9A70086D6BB /* ListingCell.xib */; };
		18105C351C1EFD990086D6BB /* ListingTableViewController.m in Sources */ = {isa = PBXBuildFile; fileRef = 18105C341C1EFD990086D6BB /* ListingTableViewController.m */; };
		1836A64D1C15C458006DE467 /* AddCommandTableViewController.m in Sources */ = {isa = PBXBuildFile; fileRef = 1836A64C1C15C458006DE467 /* AddCommandTableViewController.m */; };
		18486BB71C1DAB24002A5536 /* rain.jpeg in Resources */ = {isa = PBXBuildFile; fileRef = 18486BB41C1DAB24002A5536 /* rain.jpeg */; };
		18486BB81C1DAB24002A5536 /* sun.jpeg in Resources */ = {isa = PBXBuildFile; fileRef = 18486BB51C1DAB24002A5536 /* sun.jpeg */; };
		18486BB91C1DAB24002A5536 /* clouds.jpeg in Resources */ = {isa = PBXBuildFile; fileRef = 18486BB61C1DAB24002A5536 /* clouds.jpeg */; };
		18635B2D1C175743006F10B1 /* earcon_cancel.wav in Resources */ = {isa = PBXBuildFile; fileRef = 18635B2A1C175743006F10B1 /* earcon_cancel.wav */; };
		18635B2E1C175743006F10B1 /* earcon_done_listening.wav in Resources */ = {isa = PBXBuildFile; fileRef = 18635B2B1C175743006F10B1 /* earcon_done_listening.wav */; };
		18635B2F1C175743006F10B1 /* earcon_listening.wav in Resources */ = {isa = PBXBuildFile; fileRef = 18635B2C1C175743006F10B1 /* earcon_listening.wav */; };
		1866A54F1C1F17AB005A7BA2 /* SearchListingTableViewController.m in Sources */ = {isa = PBXBuildFile; fileRef = 1866A54E1C1F17AB005A7BA2 /* SearchListingTableViewController.m */; };
		18DEA5C41C14B2430010DAE0 /* AllCommandsTableViewController.m in Sources */ = {isa = PBXBuildFile; fileRef = 18DEA5C31C14B2430010DAE0 /* AllCommandsTableViewController.m */; };
		18E8A5D81C1C8C950043D205 /* WeatherTableViewController.m in Sources */ = {isa = PBXBuildFile; fileRef = 18E8A5D71C1C8C950043D205 /* WeatherTableViewController.m */; };
		18E8A5DC1C1C944C0043D205 /* SSJSONModel.m in Sources */ = {isa = PBXBuildFile; fileRef = 18E8A5DB1C1C944C0043D205 /* SSJSONModel.m */; };
		18E8A5DE1C1C98790043D205 /* WeatherCell.xib in Resources */ = {isa = PBXBuildFile; fileRef = 18E8A5DD1C1C98790043D205 /* WeatherCell.xib */; };
		18E8A5E11C1C9A620043D205 /* WeatherTableViewCell.m in Sources */ = {isa = PBXBuildFile; fileRef = 18E8A5E01C1C9A620043D205 /* WeatherTableViewCell.m */; };
		18E8A5E51C1CA7F50043D205 /* CoreLocation.framework in Frameworks */ = {isa = PBXBuildFile; fileRef = 18E8A5E41C1CA7F50043D205 /* CoreLocation.framework */; };
		18E8A5E81C1CBA8D0043D205 /* Reachability.m in Sources */ = {isa = PBXBuildFile; fileRef = 18E8A5E71C1CBA8D0043D205 /* Reachability.m */; };
		592192BC1C0B298200E93480 /* main.m in Sources */ = {isa = PBXBuildFile; fileRef = 592192BB1C0B298200E93480 /* main.m */; };
		592192BF1C0B298200E93480 /* AppDelegate.m in Sources */ = {isa = PBXBuildFile; fileRef = 592192BE1C0B298200E93480 /* AppDelegate.m */; };
		592192C21C0B298200E93480 /* ViewController.m in Sources */ = {isa = PBXBuildFile; fileRef = 592192C11C0B298200E93480 /* ViewController.m */; };
		592192C51C0B298200E93480 /* Main.storyboard in Resources */ = {isa = PBXBuildFile; fileRef = 592192C31C0B298200E93480 /* Main.storyboard */; };
		592192C81C0B298200E93480 /* Samaritan.xcdatamodeld in Sources */ = {isa = PBXBuildFile; fileRef = 592192C61C0B298200E93480 /* Samaritan.xcdatamodeld */; };
		592192CA1C0B298200E93480 /* Assets.xcassets in Resources */ = {isa = PBXBuildFile; fileRef = 592192C91C0B298200E93480 /* Assets.xcassets */; };
		592192CD1C0B298200E93480 /* LaunchScreen.storyboard in Resources */ = {isa = PBXBuildFile; fileRef = 592192CB1C0B298200E93480 /* LaunchScreen.storyboard */; };
		592192D51C0B29A600E93480 /* magdacleanmono-regular.otf in Resources */ = {isa = PBXBuildFile; fileRef = 592192D41C0B29A600E93480 /* magdacleanmono-regular.otf */; };
		592192DF1C0B2AD200E93480 /* SamaritanData+CoreDataProperties.m in Sources */ = {isa = PBXBuildFile; fileRef = 592192DC1C0B2AD200E93480 /* SamaritanData+CoreDataProperties.m */; };
		592192E01C0B2AD200E93480 /* SamaritanData.m in Sources */ = {isa = PBXBuildFile; fileRef = 592192DE1C0B2AD200E93480 /* SamaritanData.m */; };
		5938BF821C1B28AC000E6D8C /* HRBrightnessCursor.m in Sources */ = {isa = PBXBuildFile; fileRef = 5938BF731C1B28AC000E6D8C /* HRBrightnessCursor.m */; };
		5938BF831C1B28AC000E6D8C /* HRBrightnessSlider.m in Sources */ = {isa = PBXBuildFile; fileRef = 5938BF751C1B28AC000E6D8C /* HRBrightnessSlider.m */; };
		5938BF841C1B28AC000E6D8C /* HRColorCursor.m in Sources */ = {isa = PBXBuildFile; fileRef = 5938BF771C1B28AC000E6D8C /* HRColorCursor.m */; };
		5938BF851C1B28AC000E6D8C /* HRColorInfoView.m in Sources */ = {isa = PBXBuildFile; fileRef = 5938BF791C1B28AC000E6D8C /* HRColorInfoView.m */; };
		5938BF861C1B28AC000E6D8C /* HRColorMapView.m in Sources */ = {isa = PBXBuildFile; fileRef = 5938BF7B1C1B28AC000E6D8C /* HRColorMapView.m */; };
		5938BF871C1B28AC000E6D8C /* HRColorPickerView.m in Sources */ = {isa = PBXBuildFile; fileRef = 5938BF7D1C1B28AC000E6D8C /* HRColorPickerView.m */; };
		5938BF881C1B28AC000E6D8C /* HRHSVColorUtil.m in Sources */ = {isa = PBXBuildFile; fileRef = 5938BF7F1C1B28AC000E6D8C /* HRHSVColorUtil.m */; };
		5938BF891C1B28AC000E6D8C /* UIImage+CoreGraphics.m in Sources */ = {isa = PBXBuildFile; fileRef = 5938BF811C1B28AC000E6D8C /* UIImage+CoreGraphics.m */; };
		5938BF8D1C1B2AC7000E6D8C /* ThemeCreatorTableViewController.m in Sources */ = {isa = PBXBuildFile; fileRef = 5938BF8C1C1B2AC7000E6D8C /* ThemeCreatorTableViewController.m */; };
		5938BF911C1B2CA4000E6D8C /* HRSampleColorPickerViewController.m in Sources */ = {isa = PBXBuildFile; fileRef = 5938BF901C1B2CA4000E6D8C /* HRSampleColorPickerViewController.m */; };
		5955D0591C142E23000BD806 /* defaultCommands.json in Resources */ = {isa = PBXBuildFile; fileRef = 5955D0581C142E23000BD806 /* defaultCommands.json */; };
		5955D0651C144B8D000BD806 /* Themes+CoreDataProperties.m in Sources */ = {isa = PBXBuildFile; fileRef = 5955D0621C144B8D000BD806 /* Themes+CoreDataProperties.m */; };
		5955D0661C144B8D000BD806 /* Themes.m in Sources */ = {isa = PBXBuildFile; fileRef = 5955D0641C144B8D000BD806 /* Themes.m */; };
		5955D0691C14544F000BD806 /* SamaritanView.xib in Resources */ = {isa = PBXBuildFile; fileRef = 5955D0681C14544F000BD806 /* SamaritanView.xib */; };
		5955D06C1C14556D000BD806 /* UnderlinedLabel.m in Sources */ = {isa = PBXBuildFile; fileRef = 5955D06B1C14556D000BD806 /* UnderlinedLabel.m */; };
		5955D06F1C14585C000BD806 /* SamatitanViewTableViewCell.m in Sources */ = {isa = PBXBuildFile; fileRef = 5955D06E1C14585C000BD806 /* SamatitanViewTableViewCell.m */; };
		5955D0721C145921000BD806 /* SettingsTableViewController.m in Sources */ = {isa = PBXBuildFile; fileRef = 5955D0711C145921000BD806 /* SettingsTableViewController.m */; };
		5955D0751C14592C000BD806 /* ThemePickerTableViewController.m in Sources */ = {isa = PBXBuildFile; fileRef = 5955D0741C14592C000BD806 /* ThemePickerTableViewController.m */; };
		5955D0791C146586000BD806 /* defaultThemes.json in Resources */ = {isa = PBXBuildFile; fileRef = 5955D0781C146586000BD806 /* defaultThemes.json */; };
		5988FF771C16E0F000223FD3 /* MiddleOutSegue.m in Sources */ = {isa = PBXBuildFile; fileRef = 5988FF761C16E0F000223FD3 /* MiddleOutSegue.m */; };
		5988FF7A1C16E0F700223FD3 /* OutlineProgressView.m in Sources */ = {isa = PBXBuildFile; fileRef = 5988FF791C16E0F700223FD3 /* OutlineProgressView.m */; };
		5988FF801C16E11300223FD3 /* StartupFullAccessViewController.m in Sources */ = {isa = PBXBuildFile; fileRef = 5988FF7D1C16E11300223FD3 /* StartupFullAccessViewController.m */; };
		5988FF811C16E11300223FD3 /* StartupViewController.m in Sources */ = {isa = PBXBuildFile; fileRef = 5988FF7F1C16E11300223FD3 /* StartupViewController.m */; };
		5988FF861C16E12100223FD3 /* IntelligenceData.m in Sources */ = {isa = PBXBuildFile; fileRef = 5988FF831C16E12100223FD3 /* IntelligenceData.m */; };
		5988FF871C16E12100223FD3 /* LoadingData.m in Sources */ = {isa = PBXBuildFile; fileRef = 5988FF851C16E12100223FD3 /* LoadingData.m */; };
		5988FF8B1C16E12800223FD3 /* execSystemsData.json in Resources */ = {isa = PBXBuildFile; fileRef = 5988FF881C16E12800223FD3 /* execSystemsData.json */; };
		5988FF8C1C16E12800223FD3 /* intelligenceData.json in Resources */ = {isa = PBXBuildFile; fileRef = 5988FF891C16E12800223FD3 /* intelligenceData.json */; };
		5988FF8D1C16E12800223FD3 /* loadingData.json in Resources */ = {isa = PBXBuildFile; fileRef = 5988FF8A1C16E12800223FD3 /* loadingData.json */; };
		59A302CE1C18698C001E55F9 /* SpeechKit.framework in Frameworks */ = {isa = PBXBuildFile; fileRef = 59A302CD1C18698C001E55F9 /* SpeechKit.framework */; };
		59A302D01C186999001E55F9 /* AudioToolbox.framework in Frameworks */ = {isa = PBXBuildFile; fileRef = 59A302CF1C186999001E55F9 /* AudioToolbox.framework */; };
		59A302D21C18699E001E55F9 /* SystemConfiguration.framework in Frameworks */ = {isa = PBXBuildFile; fileRef = 59A302D11C18699E001E55F9 /* SystemConfiguration.framework */; };
		59A302D41C1869A6001E55F9 /* CoreGraphics.framework in Frameworks */ = {isa = PBXBuildFile; fileRef = 59A302D31C1869A6001E55F9 /* CoreGraphics.framework */; };
		59A302D61C186A43001E55F9 /* AVFoundation.framework in Frameworks */ = {isa = PBXBuildFile; fileRef = 59A302D51C186A43001E55F9 /* AVFoundation.framework */; };
		59CA38341C2019E70084BDA8 /* UIImage+ImageEffects.m in Sources */ = {isa = PBXBuildFile; fileRef = 59CA38331C2019E70084BDA8 /* UIImage+ImageEffects.m */; };
		59CA383F1C201EB50084BDA8 /* SVIndefiniteAnimatedView.m in Sources */ = {isa = PBXBuildFile; fileRef = 59CA38381C201EB50084BDA8 /* SVIndefiniteAnimatedView.m */; };
		59CA38401C201EB50084BDA8 /* SVProgressHUD.bundle in Resources */ = {isa = PBXBuildFile; fileRef = 59CA383A1C201EB50084BDA8 /* SVProgressHUD.bundle */; };
		59CA38411C201EB50084BDA8 /* SVProgressHUD.m in Sources */ = {isa = PBXBuildFile; fileRef = 59CA383C1C201EB50084BDA8 /* SVProgressHUD.m */; };
		59CA38421C201EB50084BDA8 /* SVRadialGradientLayer.m in Sources */ = {isa = PBXBuildFile; fileRef = 59CA383E1C201EB50084BDA8 /* SVRadialGradientLayer.m */; };
		59EB085B1C0B7577000DFBEA /* BlinkingImageView.m in Sources */ = {isa = PBXBuildFile; fileRef = 59EB085A1C0B7577000DFBEA /* BlinkingImageView.m */; };
		59EB085E1C0B77DA000DFBEA /* DynamicLabel.m in Sources */ = {isa = PBXBuildFile; fileRef = 59EB085D1C0B77DA000DFBEA /* DynamicLabel.m */; };
		59ED10861C19DBBC00C81793 /* AcousticModelEnglish.bundle in Resources */ = {isa = PBXBuildFile; fileRef = 59ED10821C19DBBC00C81793 /* AcousticModelEnglish.bundle */; };
		59ED10871C19DBBC00C81793 /* AcousticModelSpanish.bundle in Resources */ = {isa = PBXBuildFile; fileRef = 59ED10831C19DBBC00C81793 /* AcousticModelSpanish.bundle */; };
		59ED10881C19DBBC00C81793 /* OpenEars.framework in Frameworks */ = {isa = PBXBuildFile; fileRef = 59ED10841C19DBBC00C81793 /* OpenEars.framework */; };
		59ED10891C19DBBC00C81793 /* Slt.framework in Frameworks */ = {isa = PBXBuildFile; fileRef = 59ED10851C19DBBC00C81793 /* Slt.framework */; };
/* End PBXBuildFile section */

/* Begin PBXFileReference section */
		18105C2D1C1EF9700086D6BB /* ListingTableViewCell.h */ = {isa = PBXFileReference; fileEncoding = 4; lastKnownFileType = sourcecode.c.h; path = ListingTableViewCell.h; sourceTree = "<group>"; };
		18105C2E1C1EF9700086D6BB /* ListingTableViewCell.m */ = {isa = PBXFileReference; fileEncoding = 4; lastKnownFileType = sourcecode.c.objc; path = ListingTableViewCell.m; sourceTree = "<group>"; };
		18105C311C1EF9A70086D6BB /* ListingCell.xib */ = {isa = PBXFileReference; fileEncoding = 4; lastKnownFileType = file.xib; path = ListingCell.xib; sourceTree = "<group>"; };
		18105C331C1EFD990086D6BB /* ListingTableViewController.h */ = {isa = PBXFileReference; fileEncoding = 4; lastKnownFileType = sourcecode.c.h; path = ListingTableViewController.h; sourceTree = "<group>"; };
		18105C341C1EFD990086D6BB /* ListingTableViewController.m */ = {isa = PBXFileReference; fileEncoding = 4; lastKnownFileType = sourcecode.c.objc; path = ListingTableViewController.m; sourceTree = "<group>"; };
		1836A64B1C15C458006DE467 /* AddCommandTableViewController.h */ = {isa = PBXFileReference; fileEncoding = 4; lastKnownFileType = sourcecode.c.h; name = AddCommandTableViewController.h; path = Samaritan/AddCommandTableViewController.h; sourceTree = "<group>"; };
		1836A64C1C15C458006DE467 /* AddCommandTableViewController.m */ = {isa = PBXFileReference; fileEncoding = 4; lastKnownFileType = sourcecode.c.objc; name = AddCommandTableViewController.m; path = Samaritan/AddCommandTableViewController.m; sourceTree = "<group>"; };
		18486BB41C1DAB24002A5536 /* rain.jpeg */ = {isa = PBXFileReference; lastKnownFileType = image.jpeg; path = rain.jpeg; sourceTree = "<group>"; };
		18486BB51C1DAB24002A5536 /* sun.jpeg */ = {isa = PBXFileReference; lastKnownFileType = image.jpeg; path = sun.jpeg; sourceTree = "<group>"; };
		18486BB61C1DAB24002A5536 /* clouds.jpeg */ = {isa = PBXFileReference; lastKnownFileType = image.jpeg; path = clouds.jpeg; sourceTree = "<group>"; };
		18635B2A1C175743006F10B1 /* earcon_cancel.wav */ = {isa = PBXFileReference; lastKnownFileType = audio.wav; name = earcon_cancel.wav; path = Samaritan/earcon_cancel.wav; sourceTree = "<group>"; };
		18635B2B1C175743006F10B1 /* earcon_done_listening.wav */ = {isa = PBXFileReference; lastKnownFileType = audio.wav; name = earcon_done_listening.wav; path = Samaritan/earcon_done_listening.wav; sourceTree = "<group>"; };
		18635B2C1C175743006F10B1 /* earcon_listening.wav */ = {isa = PBXFileReference; lastKnownFileType = audio.wav; name = earcon_listening.wav; path = Samaritan/earcon_listening.wav; sourceTree = "<group>"; };
		1866A54D1C1F17AA005A7BA2 /* SearchListingTableViewController.h */ = {isa = PBXFileReference; fileEncoding = 4; lastKnownFileType = sourcecode.c.h; path = SearchListingTableViewController.h; sourceTree = "<group>"; };
		1866A54E1C1F17AB005A7BA2 /* SearchListingTableViewController.m */ = {isa = PBXFileReference; fileEncoding = 4; lastKnownFileType = sourcecode.c.objc; path = SearchListingTableViewController.m; sourceTree = "<group>"; };
		18DEA5C21C14B2430010DAE0 /* AllCommandsTableViewController.h */ = {isa = PBXFileReference; fileEncoding = 4; lastKnownFileType = sourcecode.c.h; name = AllCommandsTableViewController.h; path = Samaritan/AllCommandsTableViewController.h; sourceTree = "<group>"; };
		18DEA5C31C14B2430010DAE0 /* AllCommandsTableViewController.m */ = {isa = PBXFileReference; fileEncoding = 4; lastKnownFileType = sourcecode.c.objc; name = AllCommandsTableViewController.m; path = Samaritan/AllCommandsTableViewController.m; sourceTree = "<group>"; };
		18E8A5D61C1C8C950043D205 /* WeatherTableViewController.h */ = {isa = PBXFileReference; fileEncoding = 4; lastKnownFileType = sourcecode.c.h; path = WeatherTableViewController.h; sourceTree = "<group>"; };
		18E8A5D71C1C8C950043D205 /* WeatherTableViewController.m */ = {isa = PBXFileReference; fileEncoding = 4; lastKnownFileType = sourcecode.c.objc; path = WeatherTableViewController.m; sourceTree = "<group>"; };
		18E8A5DA1C1C944C0043D205 /* SSJSONModel.h */ = {isa = PBXFileReference; fileEncoding = 4; lastKnownFileType = sourcecode.c.h; path = SSJSONModel.h; sourceTree = "<group>"; };
		18E8A5DB1C1C944C0043D205 /* SSJSONModel.m */ = {isa = PBXFileReference; fileEncoding = 4; lastKnownFileType = sourcecode.c.objc; path = SSJSONModel.m; sourceTree = "<group>"; };
		18E8A5DD1C1C98790043D205 /* WeatherCell.xib */ = {isa = PBXFileReference; fileEncoding = 4; lastKnownFileType = file.xib; path = WeatherCell.xib; sourceTree = "<group>"; };
		18E8A5DF1C1C9A620043D205 /* WeatherTableViewCell.h */ = {isa = PBXFileReference; fileEncoding = 4; lastKnownFileType = sourcecode.c.h; path = WeatherTableViewCell.h; sourceTree = "<group>"; };
		18E8A5E01C1C9A620043D205 /* WeatherTableViewCell.m */ = {isa = PBXFileReference; fileEncoding = 4; lastKnownFileType = sourcecode.c.objc; path = WeatherTableViewCell.m; sourceTree = "<group>"; };
		18E8A5E41C1CA7F50043D205 /* CoreLocation.framework */ = {isa = PBXFileReference; lastKnownFileType = wrapper.framework; name = CoreLocation.framework; path = System/Library/Frameworks/CoreLocation.framework; sourceTree = SDKROOT; };
		18E8A5E61C1CBA8D0043D205 /* Reachability.h */ = {isa = PBXFileReference; fileEncoding = 4; lastKnownFileType = sourcecode.c.h; path = Reachability.h; sourceTree = "<group>"; };
		18E8A5E71C1CBA8D0043D205 /* Reachability.m */ = {isa = PBXFileReference; fileEncoding = 4; lastKnownFileType = sourcecode.c.objc; path = Reachability.m; sourceTree = "<group>"; };
		592192B71C0B298200E93480 /* Samaritan.app */ = {isa = PBXFileReference; explicitFileType = wrapper.application; includeInIndex = 0; path = Samaritan.app; sourceTree = BUILT_PRODUCTS_DIR; };
		592192BB1C0B298200E93480 /* main.m */ = {isa = PBXFileReference; lastKnownFileType = sourcecode.c.objc; path = main.m; sourceTree = "<group>"; };
		592192BD1C0B298200E93480 /* AppDelegate.h */ = {isa = PBXFileReference; lastKnownFileType = sourcecode.c.h; path = AppDelegate.h; sourceTree = "<group>"; };
		592192BE1C0B298200E93480 /* AppDelegate.m */ = {isa = PBXFileReference; lastKnownFileType = sourcecode.c.objc; path = AppDelegate.m; sourceTree = "<group>"; };
		592192C01C0B298200E93480 /* ViewController.h */ = {isa = PBXFileReference; lastKnownFileType = sourcecode.c.h; path = ViewController.h; sourceTree = "<group>"; };
		592192C11C0B298200E93480 /* ViewController.m */ = {isa = PBXFileReference; lastKnownFileType = sourcecode.c.objc; path = ViewController.m; sourceTree = "<group>"; };
		592192C41C0B298200E93480 /* Base */ = {isa = PBXFileReference; lastKnownFileType = file.storyboard; name = Base; path = Base.lproj/Main.storyboard; sourceTree = "<group>"; };
		592192C71C0B298200E93480 /* Samaritan.xcdatamodel */ = {isa = PBXFileReference; lastKnownFileType = wrapper.xcdatamodel; path = Samaritan.xcdatamodel; sourceTree = "<group>"; };
		592192C91C0B298200E93480 /* Assets.xcassets */ = {isa = PBXFileReference; lastKnownFileType = folder.assetcatalog; path = Assets.xcassets; sourceTree = "<group>"; };
		592192CC1C0B298200E93480 /* Base */ = {isa = PBXFileReference; lastKnownFileType = file.storyboard; name = Base; path = Base.lproj/LaunchScreen.storyboard; sourceTree = "<group>"; };
		592192CE1C0B298200E93480 /* Info.plist */ = {isa = PBXFileReference; lastKnownFileType = text.plist.xml; path = Info.plist; sourceTree = "<group>"; };
		592192D41C0B29A600E93480 /* magdacleanmono-regular.otf */ = {isa = PBXFileReference; lastKnownFileType = file; path = "magdacleanmono-regular.otf"; sourceTree = "<group>"; };
		592192DB1C0B2AD200E93480 /* SamaritanData+CoreDataProperties.h */ = {isa = PBXFileReference; fileEncoding = 4; lastKnownFileType = sourcecode.c.h; path = "SamaritanData+CoreDataProperties.h"; sourceTree = "<group>"; };
		592192DC1C0B2AD200E93480 /* SamaritanData+CoreDataProperties.m */ = {isa = PBXFileReference; fileEncoding = 4; lastKnownFileType = sourcecode.c.objc; path = "SamaritanData+CoreDataProperties.m"; sourceTree = "<group>"; };
		592192DD1C0B2AD200E93480 /* SamaritanData.h */ = {isa = PBXFileReference; fileEncoding = 4; lastKnownFileType = sourcecode.c.h; path = SamaritanData.h; sourceTree = "<group>"; };
		592192DE1C0B2AD200E93480 /* SamaritanData.m */ = {isa = PBXFileReference; fileEncoding = 4; lastKnownFileType = sourcecode.c.objc; path = SamaritanData.m; sourceTree = "<group>"; };
		5938BF721C1B28AC000E6D8C /* HRBrightnessCursor.h */ = {isa = PBXFileReference; fileEncoding = 4; lastKnownFileType = sourcecode.c.h; path = HRBrightnessCursor.h; sourceTree = "<group>"; };
		5938BF731C1B28AC000E6D8C /* HRBrightnessCursor.m */ = {isa = PBXFileReference; fileEncoding = 4; lastKnownFileType = sourcecode.c.objc; path = HRBrightnessCursor.m; sourceTree = "<group>"; };
		5938BF741C1B28AC000E6D8C /* HRBrightnessSlider.h */ = {isa = PBXFileReference; fileEncoding = 4; lastKnownFileType = sourcecode.c.h; path = HRBrightnessSlider.h; sourceTree = "<group>"; };
		5938BF751C1B28AC000E6D8C /* HRBrightnessSlider.m */ = {isa = PBXFileReference; fileEncoding = 4; lastKnownFileType = sourcecode.c.objc; path = HRBrightnessSlider.m; sourceTree = "<group>"; };
		5938BF761C1B28AC000E6D8C /* HRColorCursor.h */ = {isa = PBXFileReference; fileEncoding = 4; lastKnownFileType = sourcecode.c.h; path = HRColorCursor.h; sourceTree = "<group>"; };
		5938BF771C1B28AC000E6D8C /* HRColorCursor.m */ = {isa = PBXFileReference; fileEncoding = 4; lastKnownFileType = sourcecode.c.objc; path = HRColorCursor.m; sourceTree = "<group>"; };
		5938BF781C1B28AC000E6D8C /* HRColorInfoView.h */ = {isa = PBXFileReference; fileEncoding = 4; lastKnownFileType = sourcecode.c.h; path = HRColorInfoView.h; sourceTree = "<group>"; };
		5938BF791C1B28AC000E6D8C /* HRColorInfoView.m */ = {isa = PBXFileReference; fileEncoding = 4; lastKnownFileType = sourcecode.c.objc; path = HRColorInfoView.m; sourceTree = "<group>"; };
		5938BF7A1C1B28AC000E6D8C /* HRColorMapView.h */ = {isa = PBXFileReference; fileEncoding = 4; lastKnownFileType = sourcecode.c.h; path = HRColorMapView.h; sourceTree = "<group>"; };
		5938BF7B1C1B28AC000E6D8C /* HRColorMapView.m */ = {isa = PBXFileReference; fileEncoding = 4; lastKnownFileType = sourcecode.c.objc; path = HRColorMapView.m; sourceTree = "<group>"; };
		5938BF7C1C1B28AC000E6D8C /* HRColorPickerView.h */ = {isa = PBXFileReference; fileEncoding = 4; lastKnownFileType = sourcecode.c.h; path = HRColorPickerView.h; sourceTree = "<group>"; };
		5938BF7D1C1B28AC000E6D8C /* HRColorPickerView.m */ = {isa = PBXFileReference; fileEncoding = 4; lastKnownFileType = sourcecode.c.objc; path = HRColorPickerView.m; sourceTree = "<group>"; };
		5938BF7E1C1B28AC000E6D8C /* HRHSVColorUtil.h */ = {isa = PBXFileReference; fileEncoding = 4; lastKnownFileType = sourcecode.c.h; path = HRHSVColorUtil.h; sourceTree = "<group>"; };
		5938BF7F1C1B28AC000E6D8C /* HRHSVColorUtil.m */ = {isa = PBXFileReference; fileEncoding = 4; lastKnownFileType = sourcecode.c.objc; path = HRHSVColorUtil.m; sourceTree = "<group>"; };
		5938BF801C1B28AC000E6D8C /* UIImage+CoreGraphics.h */ = {isa = PBXFileReference; fileEncoding = 4; lastKnownFileType = sourcecode.c.h; path = "UIImage+CoreGraphics.h"; sourceTree = "<group>"; };
		5938BF811C1B28AC000E6D8C /* UIImage+CoreGraphics.m */ = {isa = PBXFileReference; fileEncoding = 4; lastKnownFileType = sourcecode.c.objc; path = "UIImage+CoreGraphics.m"; sourceTree = "<group>"; };
		5938BF8B1C1B2AC7000E6D8C /* ThemeCreatorTableViewController.h */ = {isa = PBXFileReference; fileEncoding = 4; lastKnownFileType = sourcecode.c.h; path = ThemeCreatorTableViewController.h; sourceTree = "<group>"; };
		5938BF8C1C1B2AC7000E6D8C /* ThemeCreatorTableViewController.m */ = {isa = PBXFileReference; fileEncoding = 4; lastKnownFileType = sourcecode.c.objc; path = ThemeCreatorTableViewController.m; sourceTree = "<group>"; };
		5938BF8F1C1B2CA4000E6D8C /* HRSampleColorPickerViewController.h */ = {isa = PBXFileReference; fileEncoding = 4; lastKnownFileType = sourcecode.c.h; path = HRSampleColorPickerViewController.h; sourceTree = "<group>"; };
		5938BF901C1B2CA4000E6D8C /* HRSampleColorPickerViewController.m */ = {isa = PBXFileReference; fileEncoding = 4; lastKnownFileType = sourcecode.c.objc; path = HRSampleColorPickerViewController.m; sourceTree = "<group>"; };
		5955D0581C142E23000BD806 /* defaultCommands.json */ = {isa = PBXFileReference; fileEncoding = 4; lastKnownFileType = text.json; path = defaultCommands.json; sourceTree = "<group>"; };
		5955D0611C144B8D000BD806 /* Themes+CoreDataProperties.h */ = {isa = PBXFileReference; fileEncoding = 4; lastKnownFileType = sourcecode.c.h; path = "Themes+CoreDataProperties.h"; sourceTree = "<group>"; };
		5955D0621C144B8D000BD806 /* Themes+CoreDataProperties.m */ = {isa = PBXFileReference; fileEncoding = 4; lastKnownFileType = sourcecode.c.objc; path = "Themes+CoreDataProperties.m"; sourceTree = "<group>"; };
		5955D0631C144B8D000BD806 /* Themes.h */ = {isa = PBXFileReference; fileEncoding = 4; lastKnownFileType = sourcecode.c.h; path = Themes.h; sourceTree = "<group>"; };
		5955D0641C144B8D000BD806 /* Themes.m */ = {isa = PBXFileReference; fileEncoding = 4; lastKnownFileType = sourcecode.c.objc; path = Themes.m; sourceTree = "<group>"; };
		5955D0681C14544F000BD806 /* SamaritanView.xib */ = {isa = PBXFileReference; fileEncoding = 4; lastKnownFileType = file.xib; name = SamaritanView.xib; path = SamaritanView/SamaritanView.xib; sourceTree = "<group>"; };
		5955D06A1C14556D000BD806 /* UnderlinedLabel.h */ = {isa = PBXFileReference; fileEncoding = 4; lastKnownFileType = sourcecode.c.h; name = UnderlinedLabel.h; path = SamaritanView/UnderlinedLabel.h; sourceTree = "<group>"; };
		5955D06B1C14556D000BD806 /* UnderlinedLabel.m */ = {isa = PBXFileReference; fileEncoding = 4; lastKnownFileType = sourcecode.c.objc; name = UnderlinedLabel.m; path = SamaritanView/UnderlinedLabel.m; sourceTree = "<group>"; };
		5955D06D1C14585C000BD806 /* SamatitanViewTableViewCell.h */ = {isa = PBXFileReference; fileEncoding = 4; lastKnownFileType = sourcecode.c.h; name = SamatitanViewTableViewCell.h; path = SamaritanView/SamatitanViewTableViewCell.h; sourceTree = "<group>"; };
		5955D06E1C14585C000BD806 /* SamatitanViewTableViewCell.m */ = {isa = PBXFileReference; fileEncoding = 4; lastKnownFileType = sourcecode.c.objc; name = SamatitanViewTableViewCell.m; path = SamaritanView/SamatitanViewTableViewCell.m; sourceTree = "<group>"; };
		5955D0701C145921000BD806 /* SettingsTableViewController.h */ = {isa = PBXFileReference; fileEncoding = 4; lastKnownFileType = sourcecode.c.h; path = SettingsTableViewController.h; sourceTree = "<group>"; };
		5955D0711C145921000BD806 /* SettingsTableViewController.m */ = {isa = PBXFileReference; fileEncoding = 4; lastKnownFileType = sourcecode.c.objc; path = SettingsTableViewController.m; sourceTree = "<group>"; };
		5955D0731C14592C000BD806 /* ThemePickerTableViewController.h */ = {isa = PBXFileReference; fileEncoding = 4; lastKnownFileType = sourcecode.c.h; path = ThemePickerTableViewController.h; sourceTree = "<group>"; };
		5955D0741C14592C000BD806 /* ThemePickerTableViewController.m */ = {isa = PBXFileReference; fileEncoding = 4; lastKnownFileType = sourcecode.c.objc; path = ThemePickerTableViewController.m; sourceTree = "<group>"; };
		5955D0781C146586000BD806 /* defaultThemes.json */ = {isa = PBXFileReference; fileEncoding = 4; lastKnownFileType = text.json; path = defaultThemes.json; sourceTree = "<group>"; };
		5988FF751C16E0F000223FD3 /* MiddleOutSegue.h */ = {isa = PBXFileReference; fileEncoding = 4; lastKnownFileType = sourcecode.c.h; path = MiddleOutSegue.h; sourceTree = "<group>"; };
		5988FF761C16E0F000223FD3 /* MiddleOutSegue.m */ = {isa = PBXFileReference; fileEncoding = 4; lastKnownFileType = sourcecode.c.objc; path = MiddleOutSegue.m; sourceTree = "<group>"; };
		5988FF781C16E0F700223FD3 /* OutlineProgressView.h */ = {isa = PBXFileReference; fileEncoding = 4; lastKnownFileType = sourcecode.c.h; path = OutlineProgressView.h; sourceTree = "<group>"; };
		5988FF791C16E0F700223FD3 /* OutlineProgressView.m */ = {isa = PBXFileReference; fileEncoding = 4; lastKnownFileType = sourcecode.c.objc; path = OutlineProgressView.m; sourceTree = "<group>"; };
		5988FF7C1C16E11300223FD3 /* StartupFullAccessViewController.h */ = {isa = PBXFileReference; fileEncoding = 4; lastKnownFileType = sourcecode.c.h; path = StartupFullAccessViewController.h; sourceTree = "<group>"; };
		5988FF7D1C16E11300223FD3 /* StartupFullAccessViewController.m */ = {isa = PBXFileReference; fileEncoding = 4; lastKnownFileType = sourcecode.c.objc; path = StartupFullAccessViewController.m; sourceTree = "<group>"; };
		5988FF7E1C16E11300223FD3 /* StartupViewController.h */ = {isa = PBXFileReference; fileEncoding = 4; lastKnownFileType = sourcecode.c.h; path = StartupViewController.h; sourceTree = "<group>"; };
		5988FF7F1C16E11300223FD3 /* StartupViewController.m */ = {isa = PBXFileReference; fileEncoding = 4; lastKnownFileType = sourcecode.c.objc; path = StartupViewController.m; sourceTree = "<group>"; };
		5988FF821C16E12100223FD3 /* IntelligenceData.h */ = {isa = PBXFileReference; fileEncoding = 4; lastKnownFileType = sourcecode.c.h; path = IntelligenceData.h; sourceTree = "<group>"; };
		5988FF831C16E12100223FD3 /* IntelligenceData.m */ = {isa = PBXFileReference; fileEncoding = 4; lastKnownFileType = sourcecode.c.objc; path = IntelligenceData.m; sourceTree = "<group>"; };
		5988FF841C16E12100223FD3 /* LoadingData.h */ = {isa = PBXFileReference; fileEncoding = 4; lastKnownFileType = sourcecode.c.h; path = LoadingData.h; sourceTree = "<group>"; };
		5988FF851C16E12100223FD3 /* LoadingData.m */ = {isa = PBXFileReference; fileEncoding = 4; lastKnownFileType = sourcecode.c.objc; path = LoadingData.m; sourceTree = "<group>"; };
		5988FF881C16E12800223FD3 /* execSystemsData.json */ = {isa = PBXFileReference; fileEncoding = 4; lastKnownFileType = text.json; path = execSystemsData.json; sourceTree = "<group>"; };
		5988FF891C16E12800223FD3 /* intelligenceData.json */ = {isa = PBXFileReference; fileEncoding = 4; lastKnownFileType = text.json; path = intelligenceData.json; sourceTree = "<group>"; };
		5988FF8A1C16E12800223FD3 /* loadingData.json */ = {isa = PBXFileReference; fileEncoding = 4; lastKnownFileType = text.json; path = loadingData.json; sourceTree = "<group>"; };
		59A302CD1C18698C001E55F9 /* SpeechKit.framework */ = {isa = PBXFileReference; lastKnownFileType = wrapper.framework; name = SpeechKit.framework; path = Samaritan/SpeechKit.framework; sourceTree = "<group>"; };
		59A302CF1C186999001E55F9 /* AudioToolbox.framework */ = {isa = PBXFileReference; lastKnownFileType = wrapper.framework; name = AudioToolbox.framework; path = System/Library/Frameworks/AudioToolbox.framework; sourceTree = SDKROOT; };
		59A302D11C18699E001E55F9 /* SystemConfiguration.framework */ = {isa = PBXFileReference; lastKnownFileType = wrapper.framework; name = SystemConfiguration.framework; path = System/Library/Frameworks/SystemConfiguration.framework; sourceTree = SDKROOT; };
		59A302D31C1869A6001E55F9 /* CoreGraphics.framework */ = {isa = PBXFileReference; lastKnownFileType = wrapper.framework; name = CoreGraphics.framework; path = System/Library/Frameworks/CoreGraphics.framework; sourceTree = SDKROOT; };
		59A302D51C186A43001E55F9 /* AVFoundation.framework */ = {isa = PBXFileReference; lastKnownFileType = wrapper.framework; name = AVFoundation.framework; path = System/Library/Frameworks/AVFoundation.framework; sourceTree = SDKROOT; };
		59CA38321C2019E70084BDA8 /* UIImage+ImageEffects.h */ = {isa = PBXFileReference; fileEncoding = 4; lastKnownFileType = sourcecode.c.h; path = "UIImage+ImageEffects.h"; sourceTree = "<group>"; };
		59CA38331C2019E70084BDA8 /* UIImage+ImageEffects.m */ = {isa = PBXFileReference; fileEncoding = 4; lastKnownFileType = sourcecode.c.objc; path = "UIImage+ImageEffects.m"; sourceTree = "<group>"; };
		59CA38371C201EB50084BDA8 /* SVIndefiniteAnimatedView.h */ = {isa = PBXFileReference; fileEncoding = 4; lastKnownFileType = sourcecode.c.h; path = SVIndefiniteAnimatedView.h; sourceTree = "<group>"; };
		59CA38381C201EB50084BDA8 /* SVIndefiniteAnimatedView.m */ = {isa = PBXFileReference; fileEncoding = 4; lastKnownFileType = sourcecode.c.objc; path = SVIndefiniteAnimatedView.m; sourceTree = "<group>"; };
		59CA38391C201EB50084BDA8 /* SVProgressHUD-Prefix.pch */ = {isa = PBXFileReference; fileEncoding = 4; lastKnownFileType = sourcecode.c.h; path = "SVProgressHUD-Prefix.pch"; sourceTree = "<group>"; };
		59CA383A1C201EB50084BDA8 /* SVProgressHUD.bundle */ = {isa = PBXFileReference; lastKnownFileType = "wrapper.plug-in"; path = SVProgressHUD.bundle; sourceTree = "<group>"; };
		59CA383B1C201EB50084BDA8 /* SVProgressHUD.h */ = {isa = PBXFileReference; fileEncoding = 4; lastKnownFileType = sourcecode.c.h; path = SVProgressHUD.h; sourceTree = "<group>"; };
		59CA383C1C201EB50084BDA8 /* SVProgressHUD.m */ = {isa = PBXFileReference; fileEncoding = 4; lastKnownFileType = sourcecode.c.objc; path = SVProgressHUD.m; sourceTree = "<group>"; };
		59CA383D1C201EB50084BDA8 /* SVRadialGradientLayer.h */ = {isa = PBXFileReference; fileEncoding = 4; lastKnownFileType = sourcecode.c.h; path = SVRadialGradientLayer.h; sourceTree = "<group>"; };
		59CA383E1C201EB50084BDA8 /* SVRadialGradientLayer.m */ = {isa = PBXFileReference; fileEncoding = 4; lastKnownFileType = sourcecode.c.objc; path = SVRadialGradientLayer.m; sourceTree = "<group>"; };
		59EB08591C0B7577000DFBEA /* BlinkingImageView.h */ = {isa = PBXFileReference; fileEncoding = 4; lastKnownFileType = sourcecode.c.h; name = BlinkingImageView.h; path = SamaritanView/BlinkingImageView.h; sourceTree = "<group>"; };
		59EB085A1C0B7577000DFBEA /* BlinkingImageView.m */ = {isa = PBXFileReference; fileEncoding = 4; lastKnownFileType = sourcecode.c.objc; name = BlinkingImageView.m; path = SamaritanView/BlinkingImageView.m; sourceTree = "<group>"; };
		59EB085C1C0B77DA000DFBEA /* DynamicLabel.h */ = {isa = PBXFileReference; fileEncoding = 4; lastKnownFileType = sourcecode.c.h; name = DynamicLabel.h; path = SamaritanView/DynamicLabel.h; sourceTree = "<group>"; };
		59EB085D1C0B77DA000DFBEA /* DynamicLabel.m */ = {isa = PBXFileReference; fileEncoding = 4; lastKnownFileType = sourcecode.c.objc; name = DynamicLabel.m; path = SamaritanView/DynamicLabel.m; sourceTree = "<group>"; };
		59ED10821C19DBBC00C81793 /* AcousticModelEnglish.bundle */ = {isa = PBXFileReference; lastKnownFileType = "wrapper.plug-in"; path = AcousticModelEnglish.bundle; sourceTree = "<group>"; };
		59ED10831C19DBBC00C81793 /* AcousticModelSpanish.bundle */ = {isa = PBXFileReference; lastKnownFileType = "wrapper.plug-in"; path = AcousticModelSpanish.bundle; sourceTree = "<group>"; };
		59ED10841C19DBBC00C81793 /* OpenEars.framework */ = {isa = PBXFileReference; lastKnownFileType = wrapper.framework; path = OpenEars.framework; sourceTree = "<group>"; };
		59ED10851C19DBBC00C81793 /* Slt.framework */ = {isa = PBXFileReference; lastKnownFileType = wrapper.framework; path = Slt.framework; sourceTree = "<group>"; };
/* End PBXFileReference section */

/* Begin PBXFrameworksBuildPhase section */
		592192B41C0B298200E93480 /* Frameworks */ = {
			isa = PBXFrameworksBuildPhase;
			buildActionMask = 2147483647;
			files = (
				18E8A5E51C1CA7F50043D205 /* CoreLocation.framework in Frameworks */,
				59A302D61C186A43001E55F9 /* AVFoundation.framework in Frameworks */,
				59ED10891C19DBBC00C81793 /* Slt.framework in Frameworks */,
				59A302D41C1869A6001E55F9 /* CoreGraphics.framework in Frameworks */,
				59A302D21C18699E001E55F9 /* SystemConfiguration.framework in Frameworks */,
				59A302D01C186999001E55F9 /* AudioToolbox.framework in Frameworks */,
				59A302CE1C18698C001E55F9 /* SpeechKit.framework in Frameworks */,
				59ED10881C19DBBC00C81793 /* OpenEars.framework in Frameworks */,
			);
			runOnlyForDeploymentPostprocessing = 0;
		};
/* End PBXFrameworksBuildPhase section */

/* Begin PBXGroup section */
		18105C301C1EF97F0086D6BB /* Listing Cell */ = {
			isa = PBXGroup;
			children = (
				18105C311C1EF9A70086D6BB /* ListingCell.xib */,
				18105C2D1C1EF9700086D6BB /* ListingTableViewCell.h */,
				18105C2E1C1EF9700086D6BB /* ListingTableViewCell.m */,
			);
			name = "Listing Cell";
			sourceTree = "<group>";
		};
		18105C361C1EFDA10086D6BB /* Listings */ = {
			isa = PBXGroup;
			children = (
				1866A54D1C1F17AA005A7BA2 /* SearchListingTableViewController.h */,
				1866A54E1C1F17AB005A7BA2 /* SearchListingTableViewController.m */,
				18105C331C1EFD990086D6BB /* ListingTableViewController.h */,
				18105C341C1EFD990086D6BB /* ListingTableViewController.m */,
			);
			name = Listings;
			sourceTree = "<group>";
		};
		18D51F861C14F9E80083A3FD /* New Commands */ = {
			isa = PBXGroup;
			children = (
				1836A64B1C15C458006DE467 /* AddCommandTableViewController.h */,
				1836A64C1C15C458006DE467 /* AddCommandTableViewController.m */,
			);
			name = "New Commands";
			path = ..;
			sourceTree = "<group>";
		};
		18D51F871C14F9FD0083A3FD /* All Commands */ = {
			isa = PBXGroup;
			children = (
				18DEA5C21C14B2430010DAE0 /* AllCommandsTableViewController.h */,
				18DEA5C31C14B2430010DAE0 /* AllCommandsTableViewController.m */,
			);
			name = "All Commands";
			path = ..;
			sourceTree = "<group>";
		};
		18E8A5D91C1C8C9E0043D205 /* Weather */ = {
			isa = PBXGroup;
			children = (
				18E8A5D61C1C8C950043D205 /* WeatherTableViewController.h */,
				18E8A5D71C1C8C950043D205 /* WeatherTableViewController.m */,
			);
			name = Weather;
			sourceTree = "<group>";
		};
		18E8A5E21C1C9B770043D205 /* Weather Cell */ = {
			isa = PBXGroup;
			children = (
				18E8A5DD1C1C98790043D205 /* WeatherCell.xib */,
				18E8A5DF1C1C9A620043D205 /* WeatherTableViewCell.h */,
				18E8A5E01C1C9A620043D205 /* WeatherTableViewCell.m */,
			);
			name = "Weather Cell";
			sourceTree = "<group>";
		};
		18E8A5E31C1C9B970043D205 /* JSON Parse */ = {
			isa = PBXGroup;
			children = (
				18E8A5DA1C1C944C0043D205 /* SSJSONModel.h */,
				18E8A5DB1C1C944C0043D205 /* SSJSONModel.m */,
			);
			name = "JSON Parse";
			sourceTree = "<group>";
		};
		18E8A5E91C1CBA920043D205 /* Reachability */ = {
			isa = PBXGroup;
			children = (
				18E8A5E61C1CBA8D0043D205 /* Reachability.h */,
				18E8A5E71C1CBA8D0043D205 /* Reachability.m */,
			);
			name = Reachability;
			sourceTree = "<group>";
		};
		592192AE1C0B298200E93480 = {
			isa = PBXGroup;
			children = (
				59A302D71C186B7E001E55F9 /* Frameworks */,
				592192B91C0B298200E93480 /* Samaritan */,
				592192B81C0B298200E93480 /* Products */,
			);
			sourceTree = "<group>";
		};
		592192B81C0B298200E93480 /* Products */ = {
			isa = PBXGroup;
			children = (
				592192B71C0B298200E93480 /* Samaritan.app */,
			);
			name = Products;
			sourceTree = "<group>";
		};
		592192B91C0B298200E93480 /* Samaritan */ = {
			isa = PBXGroup;
			children = (
				592192C91C0B298200E93480 /* Assets.xcassets */,
				592192D61C0B29CA00E93480 /* App Delegate */,
				592192D91C0B29E400E93480 /* Model */,
				592192DA1C0B29F200E93480 /* Views */,
				592192D71C0B29D100E93480 /* Controllers */,
				5938BF8A1C1B28AF000E6D8C /* Libraries */,
				592192BA1C0B298200E93480 /* Supporting Files */,
			);
			path = Samaritan;
			sourceTree = "<group>";
		};
		592192BA1C0B298200E93480 /* Supporting Files */ = {
			isa = PBXGroup;
			children = (
				18486BB41C1DAB24002A5536 /* rain.jpeg */,
				18486BB51C1DAB24002A5536 /* sun.jpeg */,
				18486BB61C1DAB24002A5536 /* clouds.jpeg */,
				5988FF881C16E12800223FD3 /* execSystemsData.json */,
				5988FF891C16E12800223FD3 /* intelligenceData.json */,
				5988FF8A1C16E12800223FD3 /* loadingData.json */,
				5955D0781C146586000BD806 /* defaultThemes.json */,
				5955D0581C142E23000BD806 /* defaultCommands.json */,
				592192D41C0B29A600E93480 /* magdacleanmono-regular.otf */,
				592192CE1C0B298200E93480 /* Info.plist */,
				592192BB1C0B298200E93480 /* main.m */,
			);
			name = "Supporting Files";
			sourceTree = "<group>";
		};
		592192D61C0B29CA00E93480 /* App Delegate */ = {
			isa = PBXGroup;
			children = (
				592192BD1C0B298200E93480 /* AppDelegate.h */,
				592192BE1C0B298200E93480 /* AppDelegate.m */,
			);
			name = "App Delegate";
			sourceTree = "<group>";
		};
		592192D71C0B29D100E93480 /* Controllers */ = {
			isa = PBXGroup;
			children = (
				5988FF8F1C16E14000223FD3 /* Startup */,
				5988FF8E1C16E13000223FD3 /* Startup Full Access */,
				592192D81C0B29DB00E93480 /* Main */,
				18D51F871C14F9FD0083A3FD /* All Commands */,
				18D51F861C14F9E80083A3FD /* New Commands */,
				5955D0761C145931000BD806 /* Settings */,
				18E8A5D91C1C8C9E0043D205 /* Weather */,
				18105C361C1EFDA10086D6BB /* Listings */,
			);
			name = Controllers;
			sourceTree = "<group>";
		};
		592192D81C0B29DB00E93480 /* Main */ = {
			isa = PBXGroup;
			children = (
				592192C01C0B298200E93480 /* ViewController.h */,
				592192C11C0B298200E93480 /* ViewController.m */,
			);
			name = Main;
			sourceTree = "<group>";
		};
		592192D91C0B29E400E93480 /* Model */ = {
			isa = PBXGroup;
			children = (
				5988FF821C16E12100223FD3 /* IntelligenceData.h */,
				5988FF831C16E12100223FD3 /* IntelligenceData.m */,
				5988FF841C16E12100223FD3 /* LoadingData.h */,
				5988FF851C16E12100223FD3 /* LoadingData.m */,
				592192C61C0B298200E93480 /* Samaritan.xcdatamodeld */,
				5955D0671C144BA1000BD806 /* Themes */,
				5955D05A1C144B20000BD806 /* SamaritanData */,
			);
			name = Model;
			sourceTree = "<group>";
		};
		592192DA1C0B29F200E93480 /* Views */ = {
			isa = PBXGroup;
			children = (
				592192C31C0B298200E93480 /* Main.storyboard */,
				592192CB1C0B298200E93480 /* LaunchScreen.storyboard */,
				5988FF7B1C16E0FD00223FD3 /* Outline Progrss View */,
				5988FF911C16E97900223FD3 /* Blinking Image View */,
				5988FF921C16E98500223FD3 /* Dynamic Label */,
				592192E31C0B2D5600E93480 /* SamaritanView */,
				18E8A5E21C1C9B770043D205 /* Weather Cell */,
				18105C301C1EF97F0086D6BB /* Listing Cell */,
			);
			name = Views;
			sourceTree = "<group>";
		};
		592192E31C0B2D5600E93480 /* SamaritanView */ = {
			isa = PBXGroup;
			children = (
				5955D0681C14544F000BD806 /* SamaritanView.xib */,
				5955D06D1C14585C000BD806 /* SamatitanViewTableViewCell.h */,
				5955D06E1C14585C000BD806 /* SamatitanViewTableViewCell.m */,
			);
			name = SamaritanView;
			sourceTree = "<group>";
		};
		5938BF711C1B28AC000E6D8C /* ColorPicker */ = {
			isa = PBXGroup;
			children = (
				5938BF721C1B28AC000E6D8C /* HRBrightnessCursor.h */,
				5938BF731C1B28AC000E6D8C /* HRBrightnessCursor.m */,
				5938BF741C1B28AC000E6D8C /* HRBrightnessSlider.h */,
				5938BF751C1B28AC000E6D8C /* HRBrightnessSlider.m */,
				5938BF761C1B28AC000E6D8C /* HRColorCursor.h */,
				5938BF771C1B28AC000E6D8C /* HRColorCursor.m */,
				5938BF781C1B28AC000E6D8C /* HRColorInfoView.h */,
				5938BF791C1B28AC000E6D8C /* HRColorInfoView.m */,
				5938BF7A1C1B28AC000E6D8C /* HRColorMapView.h */,
				5938BF7B1C1B28AC000E6D8C /* HRColorMapView.m */,
				5938BF7C1C1B28AC000E6D8C /* HRColorPickerView.h */,
				5938BF7D1C1B28AC000E6D8C /* HRColorPickerView.m */,
				5938BF7E1C1B28AC000E6D8C /* HRHSVColorUtil.h */,
				5938BF7F1C1B28AC000E6D8C /* HRHSVColorUtil.m */,
				5938BF801C1B28AC000E6D8C /* UIImage+CoreGraphics.h */,
				5938BF811C1B28AC000E6D8C /* UIImage+CoreGraphics.m */,
			);
			path = ColorPicker;
			sourceTree = "<group>";
		};
		5938BF8A1C1B28AF000E6D8C /* Libraries */ = {
			isa = PBXGroup;
			children = (
				59CA38361C201EB50084BDA8 /* SVProgressHUD */,
				59CA38351C2019ED0084BDA8 /* Image Effects */,
				18E8A5E91C1CBA920043D205 /* Reachability */,
				18E8A5E31C1C9B970043D205 /* JSON Parse */,
				5988FF901C16E25E00223FD3 /* Middle Out Segue */,
				5938BF711C1B28AC000E6D8C /* ColorPicker */,
			);
			name = Libraries;
			sourceTree = "<group>";
		};
		5938BF8E1C1B2ACB000E6D8C /* Theme Creator */ = {
			isa = PBXGroup;
			children = (
				5938BF8B1C1B2AC7000E6D8C /* ThemeCreatorTableViewController.h */,
				5938BF8C1C1B2AC7000E6D8C /* ThemeCreatorTableViewController.m */,
				5938BF921C1B2CAF000E6D8C /* Color Picker */,
			);
			name = "Theme Creator";
			sourceTree = "<group>";
		};
		5938BF921C1B2CAF000E6D8C /* Color Picker */ = {
			isa = PBXGroup;
			children = (
				5938BF8F1C1B2CA4000E6D8C /* HRSampleColorPickerViewController.h */,
				5938BF901C1B2CA4000E6D8C /* HRSampleColorPickerViewController.m */,
			);
			name = "Color Picker";
			sourceTree = "<group>";
		};
		5955D05A1C144B20000BD806 /* SamaritanData */ = {
			isa = PBXGroup;
			children = (
				592192DB1C0B2AD200E93480 /* SamaritanData+CoreDataProperties.h */,
				592192DC1C0B2AD200E93480 /* SamaritanData+CoreDataProperties.m */,
				592192DD1C0B2AD200E93480 /* SamaritanData.h */,
				592192DE1C0B2AD200E93480 /* SamaritanData.m */,
			);
			name = SamaritanData;
			sourceTree = "<group>";
		};
		5955D0671C144BA1000BD806 /* Themes */ = {
			isa = PBXGroup;
			children = (
				5955D0611C144B8D000BD806 /* Themes+CoreDataProperties.h */,
				5955D0621C144B8D000BD806 /* Themes+CoreDataProperties.m */,
				5955D0631C144B8D000BD806 /* Themes.h */,
				5955D0641C144B8D000BD806 /* Themes.m */,
			);
			name = Themes;
			sourceTree = "<group>";
		};
		5955D0761C145931000BD806 /* Settings */ = {
			isa = PBXGroup;
			children = (
				5955D0701C145921000BD806 /* SettingsTableViewController.h */,
				5955D0711C145921000BD806 /* SettingsTableViewController.m */,
				5955D0771C145938000BD806 /* Theme Picker */,
				5938BF8E1C1B2ACB000E6D8C /* Theme Creator */,
			);
			name = Settings;
			sourceTree = "<group>";
		};
		5955D0771C145938000BD806 /* Theme Picker */ = {
			isa = PBXGroup;
			children = (
				5955D0731C14592C000BD806 /* ThemePickerTableViewController.h */,
				5955D0741C14592C000BD806 /* ThemePickerTableViewController.m */,
			);
			name = "Theme Picker";
			sourceTree = "<group>";
		};
		5988FF7B1C16E0FD00223FD3 /* Outline Progrss View */ = {
			isa = PBXGroup;
			children = (
				5988FF781C16E0F700223FD3 /* OutlineProgressView.h */,
				5988FF791C16E0F700223FD3 /* OutlineProgressView.m */,
			);
			name = "Outline Progrss View";
			sourceTree = "<group>";
		};
		5988FF8E1C16E13000223FD3 /* Startup Full Access */ = {
			isa = PBXGroup;
			children = (
				5988FF7C1C16E11300223FD3 /* StartupFullAccessViewController.h */,
				5988FF7D1C16E11300223FD3 /* StartupFullAccessViewController.m */,
			);
			name = "Startup Full Access";
			sourceTree = "<group>";
		};
		5988FF8F1C16E14000223FD3 /* Startup */ = {
			isa = PBXGroup;
			children = (
				5988FF7E1C16E11300223FD3 /* StartupViewController.h */,
				5988FF7F1C16E11300223FD3 /* StartupViewController.m */,
			);
			name = Startup;
			sourceTree = "<group>";
		};
		5988FF901C16E25E00223FD3 /* Middle Out Segue */ = {
			isa = PBXGroup;
			children = (
				5988FF751C16E0F000223FD3 /* MiddleOutSegue.h */,
				5988FF761C16E0F000223FD3 /* MiddleOutSegue.m */,
			);
			name = "Middle Out Segue";
			sourceTree = "<group>";
		};
		5988FF911C16E97900223FD3 /* Blinking Image View */ = {
			isa = PBXGroup;
			children = (
				59EB08591C0B7577000DFBEA /* BlinkingImageView.h */,
				59EB085A1C0B7577000DFBEA /* BlinkingImageView.m */,
			);
			name = "Blinking Image View";
			sourceTree = "<group>";
		};
		5988FF921C16E98500223FD3 /* Dynamic Label */ = {
			isa = PBXGroup;
			children = (
				5955D06A1C14556D000BD806 /* UnderlinedLabel.h */,
				5955D06B1C14556D000BD806 /* UnderlinedLabel.m */,
				59EB085C1C0B77DA000DFBEA /* DynamicLabel.h */,
				59EB085D1C0B77DA000DFBEA /* DynamicLabel.m */,
			);
			name = "Dynamic Label";
			sourceTree = "<group>";
		};
		59A302D71C186B7E001E55F9 /* Frameworks */ = {
			isa = PBXGroup;
			children = (
				18E8A5E41C1CA7F50043D205 /* CoreLocation.framework */,
				59ED10811C19DBBB00C81793 /* Open Ears */,
				59A302CD1C18698C001E55F9 /* SpeechKit.framework */,
				18635B2A1C175743006F10B1 /* earcon_cancel.wav */,
				18635B2B1C175743006F10B1 /* earcon_done_listening.wav */,
				18635B2C1C175743006F10B1 /* earcon_listening.wav */,
				59A302D51C186A43001E55F9 /* AVFoundation.framework */,
				59A302D31C1869A6001E55F9 /* CoreGraphics.framework */,
				59A302D11C18699E001E55F9 /* SystemConfiguration.framework */,
				59A302CF1C186999001E55F9 /* AudioToolbox.framework */,
			);
			name = Frameworks;
			sourceTree = "<group>";
		};
		59CA38351C2019ED0084BDA8 /* Image Effects */ = {
			isa = PBXGroup;
			children = (
				59CA38321C2019E70084BDA8 /* UIImage+ImageEffects.h */,
				59CA38331C2019E70084BDA8 /* UIImage+ImageEffects.m */,
			);
			name = "Image Effects";
			sourceTree = "<group>";
		};
		59CA38361C201EB50084BDA8 /* SVProgressHUD */ = {
			isa = PBXGroup;
			children = (
				59CA38371C201EB50084BDA8 /* SVIndefiniteAnimatedView.h */,
				59CA38381C201EB50084BDA8 /* SVIndefiniteAnimatedView.m */,
				59CA38391C201EB50084BDA8 /* SVProgressHUD-Prefix.pch */,
				59CA383A1C201EB50084BDA8 /* SVProgressHUD.bundle */,
				59CA383B1C201EB50084BDA8 /* SVProgressHUD.h */,
				59CA383C1C201EB50084BDA8 /* SVProgressHUD.m */,
				59CA383D1C201EB50084BDA8 /* SVRadialGradientLayer.h */,
				59CA383E1C201EB50084BDA8 /* SVRadialGradientLayer.m */,
			);
			path = SVProgressHUD;
			sourceTree = "<group>";
		};
		59ED10811C19DBBB00C81793 /* Open Ears */ = {
			isa = PBXGroup;
			children = (
				59ED10821C19DBBC00C81793 /* AcousticModelEnglish.bundle */,
				59ED10831C19DBBC00C81793 /* AcousticModelSpanish.bundle */,
				59ED10841C19DBBC00C81793 /* OpenEars.framework */,
				59ED10851C19DBBC00C81793 /* Slt.framework */,
			);
			name = "Open Ears";
			path = Framework;
			sourceTree = "<group>";
		};
/* End PBXGroup section */

/* Begin PBXNativeTarget section */
		592192B61C0B298200E93480 /* Samaritan */ = {
			isa = PBXNativeTarget;
			buildConfigurationList = 592192D11C0B298200E93480 /* Build configuration list for PBXNativeTarget "Samaritan" */;
			buildPhases = (
				592192B31C0B298200E93480 /* Sources */,
				592192B41C0B298200E93480 /* Frameworks */,
				592192B51C0B298200E93480 /* Resources */,
			);
			buildRules = (
			);
			dependencies = (
			);
			name = Samaritan;
			productName = Samaritan;
			productReference = 592192B71C0B298200E93480 /* Samaritan.app */;
			productType = "com.apple.product-type.application";
		};
/* End PBXNativeTarget section */

/* Begin PBXProject section */
		592192AF1C0B298200E93480 /* Project object */ = {
			isa = PBXProject;
			attributes = {
				LastUpgradeCheck = 0710;
				ORGANIZATIONNAME = "Dark Army";
				TargetAttributes = {
					592192B61C0B298200E93480 = {
						CreatedOnToolsVersion = 7.1;
					};
				};
			};
			buildConfigurationList = 592192B21C0B298200E93480 /* Build configuration list for PBXProject "Samaritan" */;
			compatibilityVersion = "Xcode 3.2";
			developmentRegion = English;
			hasScannedForEncodings = 0;
			knownRegions = (
				en,
				Base,
			);
			mainGroup = 592192AE1C0B298200E93480;
			productRefGroup = 592192B81C0B298200E93480 /* Products */;
			projectDirPath = "";
			projectRoot = "";
			targets = (
				592192B61C0B298200E93480 /* Samaritan */,
			);
		};
/* End PBXProject section */

/* Begin PBXResourcesBuildPhase section */
		592192B51C0B298200E93480 /* Resources */ = {
			isa = PBXResourcesBuildPhase;
			buildActionMask = 2147483647;
			files = (
				18E8A5DE1C1C98790043D205 /* WeatherCell.xib in Resources */,
				5988FF8D1C16E12800223FD3 /* loadingData.json in Resources */,
				59ED10871C19DBBC00C81793 /* AcousticModelSpanish.bundle in Resources */,
				18635B2F1C175743006F10B1 /* earcon_listening.wav in Resources */,
				5955D0791C146586000BD806 /* defaultThemes.json in Resources */,
				18486BB71C1DAB24002A5536 /* rain.jpeg in Resources */,
				592192CD1C0B298200E93480 /* LaunchScreen.storyboard in Resources */,
				59CA38401C201EB50084BDA8 /* SVProgressHUD.bundle in Resources */,
				5955D0691C14544F000BD806 /* SamaritanView.xib in Resources */,
				18486BB81C1DAB24002A5536 /* sun.jpeg in Resources */,
				5988FF8C1C16E12800223FD3 /* intelligenceData.json in Resources */,
				5988FF8B1C16E12800223FD3 /* execSystemsData.json in Resources */,
				18635B2E1C175743006F10B1 /* earcon_done_listening.wav in Resources */,
				592192CA1C0B298200E93480 /* Assets.xcassets in Resources */,
				18486BB91C1DAB24002A5536 /* clouds.jpeg in Resources */,
				18105C321C1EF9A70086D6BB /* ListingCell.xib in Resources */,
				5955D0591C142E23000BD806 /* defaultCommands.json in Resources */,
				592192D51C0B29A600E93480 /* magdacleanmono-regular.otf in Resources */,
				592192C51C0B298200E93480 /* Main.storyboard in Resources */,
				18635B2D1C175743006F10B1 /* earcon_cancel.wav in Resources */,
				59ED10861C19DBBC00C81793 /* AcousticModelEnglish.bundle in Resources */,
			);
			runOnlyForDeploymentPostprocessing = 0;
		};
/* End PBXResourcesBuildPhase section */

/* Begin PBXSourcesBuildPhase section */
		592192B31C0B298200E93480 /* Sources */ = {
			isa = PBXSourcesBuildPhase;
			buildActionMask = 2147483647;
			files = (
				5988FF771C16E0F000223FD3 /* MiddleOutSegue.m in Sources */,
				5938BF891C1B28AC000E6D8C /* UIImage+CoreGraphics.m in Sources */,
				592192E01C0B2AD200E93480 /* SamaritanData.m in Sources */,
				5988FF861C16E12100223FD3 /* IntelligenceData.m in Sources */,
				5938BF8D1C1B2AC7000E6D8C /* ThemeCreatorTableViewController.m in Sources */,
				59EB085E1C0B77DA000DFBEA /* DynamicLabel.m in Sources */,
				5938BF911C1B2CA4000E6D8C /* HRSampleColorPickerViewController.m in Sources */,
				5938BF851C1B28AC000E6D8C /* HRColorInfoView.m in Sources */,
				592192C21C0B298200E93480 /* ViewController.m in Sources */,
				5938BF831C1B28AC000E6D8C /* HRBrightnessSlider.m in Sources */,
				5938BF841C1B28AC000E6D8C /* HRColorCursor.m in Sources */,
				5988FF811C16E11300223FD3 /* StartupViewController.m in Sources */,
				59EB085B1C0B7577000DFBEA /* BlinkingImageView.m in Sources */,
				592192DF1C0B2AD200E93480 /* SamaritanData+CoreDataProperties.m in Sources */,
				1866A54F1C1F17AB005A7BA2 /* SearchListingTableViewController.m in Sources */,
				592192BF1C0B298200E93480 /* AppDelegate.m in Sources */,
				59CA38341C2019E70084BDA8 /* UIImage+ImageEffects.m in Sources */,
				59CA38411C201EB50084BDA8 /* SVProgressHUD.m in Sources */,
				18E8A5E11C1C9A620043D205 /* WeatherTableViewCell.m in Sources */,
				18E8A5DC1C1C944C0043D205 /* SSJSONModel.m in Sources */,
				592192C81C0B298200E93480 /* Samaritan.xcdatamodeld in Sources */,
				5955D06F1C14585C000BD806 /* SamatitanViewTableViewCell.m in Sources */,
				59CA38421C201EB50084BDA8 /* SVRadialGradientLayer.m in Sources */,
				5938BF821C1B28AC000E6D8C /* HRBrightnessCursor.m in Sources */,
				5955D0721C145921000BD806 /* SettingsTableViewController.m in Sources */,
				18DEA5C41C14B2430010DAE0 /* AllCommandsTableViewController.m in Sources */,
				18105C2F1C1EF9700086D6BB /* ListingTableViewCell.m in Sources */,
				5955D0661C144B8D000BD806 /* Themes.m in Sources */,
				5988FF871C16E12100223FD3 /* LoadingData.m in Sources */,
				5955D0651C144B8D000BD806 /* Themes+CoreDataProperties.m in Sources */,
				5938BF871C1B28AC000E6D8C /* HRColorPickerView.m in Sources */,
				5988FF801C16E11300223FD3 /* StartupFullAccessViewController.m in Sources */,
				5938BF861C1B28AC000E6D8C /* HRColorMapView.m in Sources */,
				1836A64D1C15C458006DE467 /* AddCommandTableViewController.m in Sources */,
				592192BC1C0B298200E93480 /* main.m in Sources */,
				5955D0751C14592C000BD806 /* ThemePickerTableViewController.m in Sources */,
				18105C351C1EFD990086D6BB /* ListingTableViewController.m in Sources */,
				59CA383F1C201EB50084BDA8 /* SVIndefiniteAnimatedView.m in Sources */,
				18E8A5D81C1C8C950043D205 /* WeatherTableViewController.m in Sources */,
				5938BF881C1B28AC000E6D8C /* HRHSVColorUtil.m in Sources */,
				5988FF7A1C16E0F700223FD3 /* OutlineProgressView.m in Sources */,
				18E8A5E81C1CBA8D0043D205 /* Reachability.m in Sources */,
				5955D06C1C14556D000BD806 /* UnderlinedLabel.m in Sources */,
			);
			runOnlyForDeploymentPostprocessing = 0;
		};
/* End PBXSourcesBuildPhase section */

/* Begin PBXVariantGroup section */
		592192C31C0B298200E93480 /* Main.storyboard */ = {
			isa = PBXVariantGroup;
			children = (
				592192C41C0B298200E93480 /* Base */,
			);
			name = Main.storyboard;
			sourceTree = "<group>";
		};
		592192CB1C0B298200E93480 /* LaunchScreen.storyboard */ = {
			isa = PBXVariantGroup;
			children = (
				592192CC1C0B298200E93480 /* Base */,
			);
			name = LaunchScreen.storyboard;
			sourceTree = "<group>";
		};
/* End PBXVariantGroup section */

/* Begin XCBuildConfiguration section */
		592192CF1C0B298200E93480 /* Debug */ = {
			isa = XCBuildConfiguration;
			buildSettings = {
				ALWAYS_SEARCH_USER_PATHS = NO;
				CLANG_CXX_LANGUAGE_STANDARD = "gnu++0x";
				CLANG_CXX_LIBRARY = "libc++";
				CLANG_ENABLE_MODULES = YES;
				CLANG_ENABLE_OBJC_ARC = YES;
				CLANG_WARN_BOOL_CONVERSION = YES;
				CLANG_WARN_CONSTANT_CONVERSION = YES;
				CLANG_WARN_DIRECT_OBJC_ISA_USAGE = YES_ERROR;
				CLANG_WARN_EMPTY_BODY = YES;
				CLANG_WARN_ENUM_CONVERSION = YES;
				CLANG_WARN_INT_CONVERSION = YES;
				CLANG_WARN_OBJC_ROOT_CLASS = YES_ERROR;
				CLANG_WARN_UNREACHABLE_CODE = YES;
				CLANG_WARN__DUPLICATE_METHOD_MATCH = YES;
				"CODE_SIGN_IDENTITY[sdk=iphoneos*]" = "iPhone Developer";
				COPY_PHASE_STRIP = NO;
				DEBUG_INFORMATION_FORMAT = dwarf;
				ENABLE_STRICT_OBJC_MSGSEND = YES;
				ENABLE_TESTABILITY = YES;
				GCC_C_LANGUAGE_STANDARD = gnu99;
				GCC_DYNAMIC_NO_PIC = NO;
				GCC_NO_COMMON_BLOCKS = YES;
				GCC_OPTIMIZATION_LEVEL = 0;
				GCC_PREPROCESSOR_DEFINITIONS = (
					"DEBUG=1",
					"$(inherited)",
				);
				GCC_WARN_64_TO_32_BIT_CONVERSION = YES;
				GCC_WARN_ABOUT_RETURN_TYPE = YES_ERROR;
				GCC_WARN_UNDECLARED_SELECTOR = YES;
				GCC_WARN_UNINITIALIZED_AUTOS = YES_AGGRESSIVE;
				GCC_WARN_UNUSED_FUNCTION = YES;
				GCC_WARN_UNUSED_VARIABLE = YES;
				IPHONEOS_DEPLOYMENT_TARGET = 9.1;
				MTL_ENABLE_DEBUG_INFO = YES;
				ONLY_ACTIVE_ARCH = YES;
				SDKROOT = iphoneos;
			};
			name = Debug;
		};
		592192D01C0B298200E93480 /* Release */ = {
			isa = XCBuildConfiguration;
			buildSettings = {
				ALWAYS_SEARCH_USER_PATHS = NO;
				CLANG_CXX_LANGUAGE_STANDARD = "gnu++0x";
				CLANG_CXX_LIBRARY = "libc++";
				CLANG_ENABLE_MODULES = YES;
				CLANG_ENABLE_OBJC_ARC = YES;
				CLANG_WARN_BOOL_CONVERSION = YES;
				CLANG_WARN_CONSTANT_CONVERSION = YES;
				CLANG_WARN_DIRECT_OBJC_ISA_USAGE = YES_ERROR;
				CLANG_WARN_EMPTY_BODY = YES;
				CLANG_WARN_ENUM_CONVERSION = YES;
				CLANG_WARN_INT_CONVERSION = YES;
				CLANG_WARN_OBJC_ROOT_CLASS = YES_ERROR;
				CLANG_WARN_UNREACHABLE_CODE = YES;
				CLANG_WARN__DUPLICATE_METHOD_MATCH = YES;
				"CODE_SIGN_IDENTITY[sdk=iphoneos*]" = "iPhone Developer";
				COPY_PHASE_STRIP = NO;
				DEBUG_INFORMATION_FORMAT = "dwarf-with-dsym";
				ENABLE_NS_ASSERTIONS = NO;
				ENABLE_STRICT_OBJC_MSGSEND = YES;
				GCC_C_LANGUAGE_STANDARD = gnu99;
				GCC_NO_COMMON_BLOCKS = YES;
				GCC_WARN_64_TO_32_BIT_CONVERSION = YES;
				GCC_WARN_ABOUT_RETURN_TYPE = YES_ERROR;
				GCC_WARN_UNDECLARED_SELECTOR = YES;
				GCC_WARN_UNINITIALIZED_AUTOS = YES_AGGRESSIVE;
				GCC_WARN_UNUSED_FUNCTION = YES;
				GCC_WARN_UNUSED_VARIABLE = YES;
				IPHONEOS_DEPLOYMENT_TARGET = 9.1;
				MTL_ENABLE_DEBUG_INFO = NO;
				SDKROOT = iphoneos;
				VALIDATE_PRODUCT = YES;
			};
			name = Release;
		};
		592192D21C0B298200E93480 /* Debug */ = {
			isa = XCBuildConfiguration;
			buildSettings = {
				ASSETCATALOG_COMPILER_APPICON_NAME = AppIcon;
				ENABLE_BITCODE = NO;
				FRAMEWORK_SEARCH_PATHS = (
					"$(inherited)",
					"$(PROJECT_DIR)/Samaritan",
					"$(PROJECT_DIR)",
					"$(PROJECT_DIR)/Framework",
				);
				INFOPLIST_FILE = Samaritan/Info.plist;
				IPHONEOS_DEPLOYMENT_TARGET = 9.0;
				LD_RUNPATH_SEARCH_PATHS = "$(inherited) @executable_path/Frameworks";
				ONLY_ACTIVE_ARCH = YES;
				OTHER_LDFLAGS = "$(inherited)";
				PRODUCT_BUNDLE_IDENTIFIER = com.darkarmy.Samaritan;
				PRODUCT_NAME = "$(TARGET_NAME)";
				VALID_ARCHS = "armv7 armv7s arm64";
			};
			name = Debug;
		};
		592192D31C0B298200E93480 /* Release */ = {
			isa = XCBuildConfiguration;
			buildSettings = {
				ASSETCATALOG_COMPILER_APPICON_NAME = AppIcon;
				ENABLE_BITCODE = NO;
				FRAMEWORK_SEARCH_PATHS = (
					"$(inherited)",
					"$(PROJECT_DIR)/Samaritan",
					"$(PROJECT_DIR)",
					"$(PROJECT_DIR)/Framework",
				);
				INFOPLIST_FILE = Samaritan/Info.plist;
				IPHONEOS_DEPLOYMENT_TARGET = 9.0;
				LD_RUNPATH_SEARCH_PATHS = "$(inherited) @executable_path/Frameworks";
				ONLY_ACTIVE_ARCH = NO;
				OTHER_LDFLAGS = "$(inherited)";
				PRODUCT_BUNDLE_IDENTIFIER = com.darkarmy.Samaritan;
				PRODUCT_NAME = "$(TARGET_NAME)";
				VALID_ARCHS = "armv7 armv7s arm64";
			};
			name = Release;
		};
/* End XCBuildConfiguration section */

/* Begin XCConfigurationList section */
		592192B21C0B298200E93480 /* Build configuration list for PBXProject "Samaritan" */ = {
			isa = XCConfigurationList;
			buildConfigurations = (
				592192CF1C0B298200E93480 /* Debug */,
				592192D01C0B298200E93480 /* Release */,
			);
			defaultConfigurationIsVisible = 0;
			defaultConfigurationName = Release;
		};
		592192D11C0B298200E93480 /* Build configuration list for PBXNativeTarget "Samaritan" */ = {
			isa = XCConfigurationList;
			buildConfigurations = (
				592192D21C0B298200E93480 /* Debug */,
				592192D31C0B298200E93480 /* Release */,
			);
			defaultConfigurationIsVisible = 0;
			defaultConfigurationName = Release;
		};
/* End XCConfigurationList section */

/* Begin XCVersionGroup section */
		592192C61C0B298200E93480 /* Samaritan.xcdatamodeld */ = {
			isa = XCVersionGroup;
			children = (
				592192C71C0B298200E93480 /* Samaritan.xcdatamodel */,
			);
			currentVersion = 592192C71C0B298200E93480 /* Samaritan.xcdatamodel */;
			path = Samaritan.xcdatamodeld;
			sourceTree = "<group>";
			versionGroupType = wrapper.xcdatamodel;
		};
/* End XCVersionGroup section */
	};
	rootObject = 592192AF1C0B298200E93480 /* Project object */;
}
